
Microsoft Visual Studio Solution File, Format Version 12.00
# Visual Studio Version 17
VisualStudioVersion = 17.12.35527.113
MinimumVisualStudioVersion = 10.0.40219.1
Project("{2150E333-8FDC-42A3-9474-1A3956D46DE8}") = "Services", "Services", "{A46FFBB7-7B66-48DA-937A-739178A1911F}"
EndProject
Project("{2150E333-8FDC-42A3-9474-1A3956D46DE8}") = "Web", "Web", "{4141CF40-BAA4-4C6B-8D5A-8D477D8B2EFE}"
EndProject
Project("{2150E333-8FDC-42A3-9474-1A3956D46DE8}") = "Common", "Common", "{360A2A11-58B0-4A3F-96DC-20D7BBC3051D}"
EndProject
Project("{2150E333-8FDC-42A3-9474-1A3956D46DE8}") = "ProductService", "ProductService", "{D0367E23-A821-45B7-8E59-9FDD21D43240}"
EndProject
Project("{2150E333-8FDC-42A3-9474-1A3956D46DE8}") = "CustomerService", "CustomerService", "{24FDF71A-A80D-49B6-9F2C-4C329C9360EB}"
EndProject
Project("{2150E333-8FDC-42A3-9474-1A3956D46DE8}") = "OrderService", "OrderService", "{0233D6D9-4551-48C8-BC39-C8A7276B5F1D}"
EndProject
Project("{FAE04EC0-301F-11D3-BF4B-00C04F79EFBC}") = "ProductService.API", "ProductService.API\ProductService.API.csproj", "{2763A0C2-5D46-4FE6-AEFE-4BF7679F0B84}"
EndProject
Project("{FAE04EC0-301F-11D3-BF4B-00C04F79EFBC}") = "CustomerService.API", "CustomerService.API\CustomerService.API.csproj", "{0F1034A8-C822-4F35-94BC-327F3C1013EF}"
EndProject
Project("{FAE04EC0-301F-11D3-BF4B-00C04F79EFBC}") = "OrderService.API", "OrderService.API\OrderService.API.csproj", "{B6055050-B2B5-4E00-B0AD-EB5AE399D6B8}"
EndProject
Project("{FAE04EC0-301F-11D3-BF4B-00C04F79EFBC}") = "ProductService.Application", "ProductService.Application\ProductService.Application.csproj", "{BA973238-97CB-4439-A85A-740C09ADA85F}"
EndProject
Project("{FAE04EC0-301F-11D3-BF4B-00C04F79EFBC}") = "ProductService.Domain", "ProductService.Domain\ProductService.Domain.csproj", "{5761C64D-A0AC-440E-9AD3-97F5622505DB}"
EndProject
Project("{FAE04EC0-301F-11D3-BF4B-00C04F79EFBC}") = "ProductService.Infrastructure", "ProductService.Infrastructure\ProductService.Infrastructure.csproj", "{B3931E48-FE25-4083-A700-C855CBA65F06}"
EndProject
Project("{FAE04EC0-301F-11D3-BF4B-00C04F79EFBC}") = "CustomerService.Application", "CustomerService.Application\CustomerService.Application.csproj", "{BB882C0B-2744-4402-BDFC-EC91BECDD03F}"
EndProject
Project("{FAE04EC0-301F-11D3-BF4B-00C04F79EFBC}") = "OrderService.Application", "OrderService.Application\OrderService.Application.csproj", "{CDB96AA8-0F61-4847-B619-521E99E229A7}"
EndProject
Project("{FAE04EC0-301F-11D3-BF4B-00C04F79EFBC}") = "OrderService.Domain", "OrderService.Domain\OrderService.Domain.csproj", "{66FFE5D8-9BDE-4BF3-AD1E-5551EA5B13CD}"
EndProject
Project("{FAE04EC0-301F-11D3-BF4B-00C04F79EFBC}") = "CustomerService.Domain", "CustomerService.Domain\CustomerService.Domain.csproj", "{AC3EB715-09F5-402B-B65B-8F1D474F08BE}"
EndProject
Project("{FAE04EC0-301F-11D3-BF4B-00C04F79EFBC}") = "CustomerService.Infrastructure", "CustomerService.Infrastructure\CustomerService.Infrastructure.csproj", "{CD444EBE-D8C9-4F84-B914-C409B5D3A1B4}"
EndProject
Project("{FAE04EC0-301F-11D3-BF4B-00C04F79EFBC}") = "OrderService.Infrastructure", "OrderService.Infrastructure\OrderService.Infrastructure.csproj", "{48EE6D3D-F24D-4CB1-9BAB-0B4BAB33C60E}"
EndProject
Project("{FAE04EC0-301F-11D3-BF4B-00C04F79EFBC}") = "TrabajoFinal.Common.EventBus", "TrabajoFinal.Common.EventBus\TrabajoFinal.Common.EventBus.csproj", "{650A9EE0-B7D7-4211-BC8A-16D92D8268B7}"
EndProject
Project("{FAE04EC0-301F-11D3-BF4B-00C04F79EFBC}") = "TrabajoFinal.Common.SharedKernel", "TrabajoFinal.Common.SharedKernel\TrabajoFinal.Common.SharedKernel.csproj", "{E3E2C4D4-D690-4517-80D2-95CC634CF56F}"
EndProject
Project("{2150E333-8FDC-42A3-9474-1A3956D46DE8}") = "Elementos de la solución", "Elementos de la solución", "{2DE2393D-491E-4038-8C30-56D8FC548527}"
	ProjectSection(SolutionItems) = preProject
		.gitignore = .gitignore
	EndProjectSection
EndProject
Global
	GlobalSection(SolutionConfigurationPlatforms) = preSolution
		Debug|Any CPU = Debug|Any CPU
		Release|Any CPU = Release|Any CPU
	EndGlobalSection
	GlobalSection(ProjectConfigurationPlatforms) = postSolution
		{2763A0C2-5D46-4FE6-AEFE-4BF7679F0B84}.Debug|Any CPU.ActiveCfg = Debug|Any CPU
		{2763A0C2-5D46-4FE6-AEFE-4BF7679F0B84}.Debug|Any CPU.Build.0 = Debug|Any CPU
		{2763A0C2-5D46-4FE6-AEFE-4BF7679F0B84}.Release|Any CPU.ActiveCfg = Release|Any CPU
		{2763A0C2-5D46-4FE6-AEFE-4BF7679F0B84}.Release|Any CPU.Build.0 = Release|Any CPU
		{0F1034A8-C822-4F35-94BC-327F3C1013EF}.Debug|Any CPU.ActiveCfg = Debug|Any CPU
		{0F1034A8-C822-4F35-94BC-327F3C1013EF}.Debug|Any CPU.Build.0 = Debug|Any CPU
		{0F1034A8-C822-4F35-94BC-327F3C1013EF}.Release|Any CPU.ActiveCfg = Release|Any CPU
		{0F1034A8-C822-4F35-94BC-327F3C1013EF}.Release|Any CPU.Build.0 = Release|Any CPU
		{B6055050-B2B5-4E00-B0AD-EB5AE399D6B8}.Debug|Any CPU.ActiveCfg = Debug|Any CPU
		{B6055050-B2B5-4E00-B0AD-EB5AE399D6B8}.Debug|Any CPU.Build.0 = Debug|Any CPU
		{B6055050-B2B5-4E00-B0AD-EB5AE399D6B8}.Release|Any CPU.ActiveCfg = Release|Any CPU
		{B6055050-B2B5-4E00-B0AD-EB5AE399D6B8}.Release|Any CPU.Build.0 = Release|Any CPU
		{BA973238-97CB-4439-A85A-740C09ADA85F}.Debug|Any CPU.ActiveCfg = Debug|Any CPU
		{BA973238-97CB-4439-A85A-740C09ADA85F}.Debug|Any CPU.Build.0 = Debug|Any CPU
		{BA973238-97CB-4439-A85A-740C09ADA85F}.Release|Any CPU.ActiveCfg = Release|Any CPU
		{BA973238-97CB-4439-A85A-740C09ADA85F}.Release|Any CPU.Build.0 = Release|Any CPU
		{5761C64D-A0AC-440E-9AD3-97F5622505DB}.Debug|Any CPU.ActiveCfg = Debug|Any CPU
		{5761C64D-A0AC-440E-9AD3-97F5622505DB}.Debug|Any CPU.Build.0 = Debug|Any CPU
		{5761C64D-A0AC-440E-9AD3-97F5622505DB}.Release|Any CPU.ActiveCfg = Release|Any CPU
		{5761C64D-A0AC-440E-9AD3-97F5622505DB}.Release|Any CPU.Build.0 = Release|Any CPU
		{B3931E48-FE25-4083-A700-C855CBA65F06}.Debug|Any CPU.ActiveCfg = Debug|Any CPU
		{B3931E48-FE25-4083-A700-C855CBA65F06}.Debug|Any CPU.Build.0 = Debug|Any CPU
		{B3931E48-FE25-4083-A700-C855CBA65F06}.Release|Any CPU.ActiveCfg = Release|Any CPU
		{B3931E48-FE25-4083-A700-C855CBA65F06}.Release|Any CPU.Build.0 = Release|Any CPU
		{BB882C0B-2744-4402-BDFC-EC91BECDD03F}.Debug|Any CPU.ActiveCfg = Debug|Any CPU
		{BB882C0B-2744-4402-BDFC-EC91BECDD03F}.Debug|Any CPU.Build.0 = Debug|Any CPU
		{BB882C0B-2744-4402-BDFC-EC91BECDD03F}.Release|Any CPU.ActiveCfg = Release|Any CPU
		{BB882C0B-2744-4402-BDFC-EC91BECDD03F}.Release|Any CPU.Build.0 = Release|Any CPU
		{CDB96AA8-0F61-4847-B619-521E99E229A7}.Debug|Any CPU.ActiveCfg = Debug|Any CPU
		{CDB96AA8-0F61-4847-B619-521E99E229A7}.Debug|Any CPU.Build.0 = Debug|Any CPU
		{CDB96AA8-0F61-4847-B619-521E99E229A7}.Release|Any CPU.ActiveCfg = Release|Any CPU
		{CDB96AA8-0F61-4847-B619-521E99E229A7}.Release|Any CPU.Build.0 = Release|Any CPU
		{66FFE5D8-9BDE-4BF3-AD1E-5551EA5B13CD}.Debug|Any CPU.ActiveCfg = Debug|Any CPU
		{66FFE5D8-9BDE-4BF3-AD1E-5551EA5B13CD}.Debug|Any CPU.Build.0 = Debug|Any CPU
		{66FFE5D8-9BDE-4BF3-AD1E-5551EA5B13CD}.Release|Any CPU.ActiveCfg = Release|Any CPU
		{66FFE5D8-9BDE-4BF3-AD1E-5551EA5B13CD}.Release|Any CPU.Build.0 = Release|Any CPU
		{AC3EB715-09F5-402B-B65B-8F1D474F08BE}.Debug|Any CPU.ActiveCfg = Debug|Any CPU
		{AC3EB715-09F5-402B-B65B-8F1D474F08BE}.Debug|Any CPU.Build.0 = Debug|Any CPU
		{AC3EB715-09F5-402B-B65B-8F1D474F08BE}.Release|Any CPU.ActiveCfg = Release|Any CPU
		{AC3EB715-09F5-402B-B65B-8F1D474F08BE}.Release|Any CPU.Build.0 = Release|Any CPU
		{CD444EBE-D8C9-4F84-B914-C409B5D3A1B4}.Debug|Any CPU.ActiveCfg = Debug|Any CPU
		{CD444EBE-D8C9-4F84-B914-C409B5D3A1B4}.Debug|Any CPU.Build.0 = Debug|Any CPU
		{CD444EBE-D8C9-4F84-B914-C409B5D3A1B4}.Release|Any CPU.ActiveCfg = Release|Any CPU
		{CD444EBE-D8C9-4F84-B914-C409B5D3A1B4}.Release|Any CPU.Build.0 = Release|Any CPU
		{48EE6D3D-F24D-4CB1-9BAB-0B4BAB33C60E}.Debug|Any CPU.ActiveCfg = Debug|Any CPU
		{48EE6D3D-F24D-4CB1-9BAB-0B4BAB33C60E}.Debug|Any CPU.Build.0 = Debug|Any CPU
		{48EE6D3D-F24D-4CB1-9BAB-0B4BAB33C60E}.Release|Any CPU.ActiveCfg = Release|Any CPU
		{48EE6D3D-F24D-4CB1-9BAB-0B4BAB33C60E}.Release|Any CPU.Build.0 = Release|Any CPU
		{650A9EE0-B7D7-4211-BC8A-16D92D8268B7}.Debug|Any CPU.ActiveCfg = Debug|Any CPU
		{650A9EE0-B7D7-4211-BC8A-16D92D8268B7}.Debug|Any CPU.Build.0 = Debug|Any CPU
		{650A9EE0-B7D7-4211-BC8A-16D92D8268B7}.Release|Any CPU.ActiveCfg = Release|Any CPU
		{650A9EE0-B7D7-4211-BC8A-16D92D8268B7}.Release|Any CPU.Build.0 = Release|Any CPU
		{E3E2C4D4-D690-4517-80D2-95CC634CF56F}.Debug|Any CPU.ActiveCfg = Debug|Any CPU
		{E3E2C4D4-D690-4517-80D2-95CC634CF56F}.Debug|Any CPU.Build.0 = Debug|Any CPU
		{E3E2C4D4-D690-4517-80D2-95CC634CF56F}.Release|Any CPU.ActiveCfg = Release|Any CPU
		{E3E2C4D4-D690-4517-80D2-95CC634CF56F}.Release|Any CPU.Build.0 = Release|Any CPU
	EndGlobalSection
	GlobalSection(SolutionProperties) = preSolution
		HideSolutionNode = FALSE
	EndGlobalSection
	GlobalSection(NestedProjects) = preSolution
		{D0367E23-A821-45B7-8E59-9FDD21D43240} = {A46FFBB7-7B66-48DA-937A-739178A1911F}
		{24FDF71A-A80D-49B6-9F2C-4C329C9360EB} = {A46FFBB7-7B66-48DA-937A-739178A1911F}
		{0233D6D9-4551-48C8-BC39-C8A7276B5F1D} = {A46FFBB7-7B66-48DA-937A-739178A1911F}
		{2763A0C2-5D46-4FE6-AEFE-4BF7679F0B84} = {D0367E23-A821-45B7-8E59-9FDD21D43240}
		{0F1034A8-C822-4F35-94BC-327F3C1013EF} = {24FDF71A-A80D-49B6-9F2C-4C329C9360EB}
		{B6055050-B2B5-4E00-B0AD-EB5AE399D6B8} = {0233D6D9-4551-48C8-BC39-C8A7276B5F1D}
		{BA973238-97CB-4439-A85A-740C09ADA85F} = {D0367E23-A821-45B7-8E59-9FDD21D43240}
		{5761C64D-A0AC-440E-9AD3-97F5622505DB} = {D0367E23-A821-45B7-8E59-9FDD21D43240}
		{B3931E48-FE25-4083-A700-C855CBA65F06} = {D0367E23-A821-45B7-8E59-9FDD21D43240}
		{BB882C0B-2744-4402-BDFC-EC91BECDD03F} = {24FDF71A-A80D-49B6-9F2C-4C329C9360EB}
		{CDB96AA8-0F61-4847-B619-521E99E229A7} = {0233D6D9-4551-48C8-BC39-C8A7276B5F1D}
		{66FFE5D8-9BDE-4BF3-AD1E-5551EA5B13CD} = {0233D6D9-4551-48C8-BC39-C8A7276B5F1D}
		{AC3EB715-09F5-402B-B65B-8F1D474F08BE} = {24FDF71A-A80D-49B6-9F2C-4C329C9360EB}
		{CD444EBE-D8C9-4F84-B914-C409B5D3A1B4} = {24FDF71A-A80D-49B6-9F2C-4C329C9360EB}
		{48EE6D3D-F24D-4CB1-9BAB-0B4BAB33C60E} = {0233D6D9-4551-48C8-BC39-C8A7276B5F1D}
		{650A9EE0-B7D7-4211-BC8A-16D92D8268B7} = {360A2A11-58B0-4A3F-96DC-20D7BBC3051D}
		{E3E2C4D4-D690-4517-80D2-95CC634CF56F} = {360A2A11-58B0-4A3F-96DC-20D7BBC3051D}
	EndGlobalSection
EndGlobal
